Microsoft Visual Studio Solution File, Format Version 12.00
# Visual Studio Version 17
VisualStudioVersion = 17.5.2.0
MinimumVisualStudioVersion = 10.0.40219.1
Project("{FAE04EC0-301F-11D3-BF4B-00C04F79EFBC}") = "ListApp", "ListApp\ListApp.csproj", "{693B6EFB-9018-AB4A-04AE-6279F3EBAD37}"
EndProject
Global
	GlobalSection(SolutionConfigurationPlatforms) = preSolution
		Debug|Any CPU = Debug|Any CPU
		Release|Any CPU = Release|Any CPU
	EndGlobalSection
	GlobalSection(ProjectConfigurationPlatforms) = postSolution
		{693B6EFB-9018-AB4A-04AE-6279F3EBAD37}.Debug|Any CPU.ActiveCfg = Debug|Any CPU
		{693B6EFB-9018-AB4A-04AE-6279F3EBAD37}.Debug|Any CPU.Build.0 = Debug|Any CPU
		{693B6EFB-9018-AB4A-04AE-6279F3EBAD37}.Release|Any CPU.ActiveCfg = Release|Any CPU
		{693B6EFB-9018-AB4A-04AE-6279F3EBAD37}.Release|Any CPU.Build.0 = Release|Any CPU
	EndGlobalSection
	GlobalSection(SolutionProperties) = preSolution
		HideSolutionNode = FALSE
	EndGlobalSection
	GlobalSection(ExtensibilityGlobals) = postSolution
		SolutionGuid = {6CFB54DE-2B3C-48B0-B9A8-719566A6047C}
	EndGlobalSection
EndGlobal
